{
  "version": 4,
  "terraform_version": "1.12.2",
  "serial": 29,
  "lineage": "758e8825-c3b2-866f-e908-bd4f41e97655",
  "outputs": {},
  "resources": [
    {
      "module": "module.alb",
      "mode": "managed",
      "type": "aws_lb",
      "name": "application_load_balancer",
      "provider": "provider[\"registry.terraform.io/hashicorp/aws\"]",
      "instances": [
        {
          "schema_version": 0,
          "attributes": {
            "access_logs": [
              {
                "bucket": "",
                "enabled": false,
                "prefix": ""
              }
            ],
            "arn": "arn:aws:elasticloadbalancing:us-east-1:058264317949:loadbalancer/app/cloudproject-alb/6e2c18de5ecbb012",
            "arn_suffix": "app/cloudproject-alb/6e2c18de5ecbb012",
            "customer_owned_ipv4_pool": "",
            "desync_mitigation_mode": "defensive",
            "dns_name": "cloudproject-alb-912056700.us-east-1.elb.amazonaws.com",
            "drop_invalid_header_fields": false,
            "enable_cross_zone_load_balancing": true,
            "enable_deletion_protection": false,
            "enable_http2": true,
            "enable_tls_version_and_cipher_suite_headers": false,
            "enable_waf_fail_open": false,
            "enable_xff_client_port": false,
            "id": "arn:aws:elasticloadbalancing:us-east-1:058264317949:loadbalancer/app/cloudproject-alb/6e2c18de5ecbb012",
            "idle_timeout": 60,
            "internal": false,
            "ip_address_type": "ipv4",
            "load_balancer_type": "application",
            "name": "cloudproject-alb",
            "name_prefix": null,
            "preserve_host_header": false,
            "security_groups": [
              "sg-03c84757a9ad6967b"
            ],
            "subnet_mapping": [
              {
                "allocation_id": "",
                "ipv6_address": "",
                "outpost_id": "",
                "private_ipv4_address": "",
                "subnet_id": "subnet-05e1ea33333576485"
              },
              {
                "allocation_id": "",
                "ipv6_address": "",
                "outpost_id": "",
                "private_ipv4_address": "",
                "subnet_id": "subnet-0d5b2c17f732c2ce8"
              }
            ],
            "subnets": [
              "subnet-05e1ea33333576485",
              "subnet-0d5b2c17f732c2ce8"
            ],
            "tags": {
              "Name": "cloudproject-alb"
            },
            "tags_all": {
              "Name": "cloudproject-alb"
            },
            "timeouts": null,
            "vpc_id": "vpc-01f8cf2623e90bb7e",
            "xff_header_processing_mode": "append",
            "zone_id": "Z35SXDOTRQ7X7K"
          },
          "sensitive_attributes": [],
          "identity_schema_version": 0,
          "private": "eyJlMmJmYjczMC1lY2FhLTExZTYtOGY4OC0zNDM2M2JjN2M0YzAiOnsiY3JlYXRlIjo2MDAwMDAwMDAwMDAsImRlbGV0ZSI6NjAwMDAwMDAwMDAwLCJ1cGRhdGUiOjYwMDAwMDAwMDAwMH19",
          "dependencies": [
            "module.security-group.aws_security_group.alb_sg",
            "module.vpc.aws_subnet.pub_sub_1a",
            "module.vpc.aws_subnet.pub_sub_2b",
            "module.vpc.aws_vpc.vpc",
            "module.vpc.data.aws_availability_zones.available_zones"
          ]
        }
      ]
    },
    {
      "module": "module.alb",
      "mode": "managed",
      "type": "aws_lb_listener",
      "name": "alb_http_listener",
      "provider": "provider[\"registry.terraform.io/hashicorp/aws\"]",
      "instances": [
        {
          "schema_version": 0,
          "attributes": {
            "alpn_policy": null,
            "arn": "arn:aws:elasticloadbalancing:us-east-1:058264317949:listener/app/cloudproject-alb/6e2c18de5ecbb012/efaab7f0e58ea323",
            "certificate_arn": null,
            "default_action": [
              {
                "authenticate_cognito": [],
                "authenticate_oidc": [],
                "fixed_response": [],
                "forward": [],
                "order": 1,
                "redirect": [],
                "target_group_arn": "arn:aws:elasticloadbalancing:us-east-1:058264317949:targetgroup/cloudproject-tg/3dbdb1918c74de9a",
                "type": "forward"
              }
            ],
            "id": "arn:aws:elasticloadbalancing:us-east-1:058264317949:listener/app/cloudproject-alb/6e2c18de5ecbb012/efaab7f0e58ea323",
            "load_balancer_arn": "arn:aws:elasticloadbalancing:us-east-1:058264317949:loadbalancer/app/cloudproject-alb/6e2c18de5ecbb012",
            "port": 80,
            "protocol": "HTTP",
            "ssl_policy": "",
            "tags": {},
            "tags_all": {},
            "timeouts": null
          },
          "sensitive_attributes": [],
          "identity_schema_version": 0,
          "private": "eyJlMmJmYjczMC1lY2FhLTExZTYtOGY4OC0zNDM2M2JjN2M0YzAiOnsicmVhZCI6NjAwMDAwMDAwMDAwfX0=",
          "dependencies": [
            "module.alb.aws_lb.application_load_balancer",
            "module.alb.aws_lb_target_group.alb_target_group",
            "module.security-group.aws_security_group.alb_sg",
            "module.vpc.aws_subnet.pub_sub_1a",
            "module.vpc.aws_subnet.pub_sub_2b",
            "module.vpc.aws_vpc.vpc",
            "module.vpc.data.aws_availability_zones.available_zones"
          ]
        }
      ]
    },
    {
      "module": "module.alb",
      "mode": "managed",
      "type": "aws_lb_target_group",
      "name": "alb_target_group",
      "provider": "provider[\"registry.terraform.io/hashicorp/aws\"]",
      "instances": [
        {
          "schema_version": 0,
          "attributes": {
            "arn": "arn:aws:elasticloadbalancing:us-east-1:058264317949:targetgroup/cloudproject-tg/3dbdb1918c74de9a",
            "arn_suffix": "targetgroup/cloudproject-tg/3dbdb1918c74de9a",
            "connection_termination": false,
            "deregistration_delay": "300",
            "health_check": [
              {
                "enabled": true,
                "healthy_threshold": 2,
                "interval": 300,
                "matcher": "200",
                "path": "/",
                "port": "traffic-port",
                "protocol": "HTTP",
                "timeout": 60,
                "unhealthy_threshold": 5
              }
            ],
            "id": "arn:aws:elasticloadbalancing:us-east-1:058264317949:targetgroup/cloudproject-tg/3dbdb1918c74de9a",
            "ip_address_type": "ipv4",
            "lambda_multi_value_headers_enabled": false,
            "load_balancing_algorithm_type": "round_robin",
            "load_balancing_cross_zone_enabled": "use_load_balancer_configuration",
            "name": "cloudproject-tg",
            "name_prefix": null,
            "port": 80,
            "preserve_client_ip": null,
            "protocol": "HTTP",
            "protocol_version": "HTTP1",
            "proxy_protocol_v2": false,
            "slow_start": 0,
            "stickiness": [
              {
                "cookie_duration": 86400,
                "cookie_name": "",
                "enabled": false,
                "type": "lb_cookie"
              }
            ],
            "tags": {},
            "tags_all": {},
            "target_failover": [
              {
                "on_deregistration": null,
                "on_unhealthy": null
              }
            ],
            "target_type": "instance",
            "vpc_id": "vpc-01f8cf2623e90bb7e"
          },
          "sensitive_attributes": [],
          "identity_schema_version": 0,
          "private": "bnVsbA==",
          "dependencies": [
            "module.vpc.aws_vpc.vpc"
          ],
          "create_before_destroy": true
        }
      ]
    },
    {
      "module": "module.asg",
      "mode": "managed",
      "type": "aws_autoscaling_group",
      "name": "asg_name",
      "provider": "provider[\"registry.terraform.io/hashicorp/aws\"]",
      "instances": [
        {
          "schema_version": 0,
          "attributes": {
            "arn": "arn:aws:autoscaling:us-east-1:058264317949:autoScalingGroup:8836364c-f138-4c53-8497-8e7f79ad1960:autoScalingGroupName/cloudproject-asg",
            "availability_zones": [
              "us-east-1a",
              "us-east-1b"
            ],
            "capacity_rebalance": false,
            "context": "",
            "default_cooldown": 300,
            "default_instance_warmup": 0,
            "desired_capacity": 3,
            "desired_capacity_type": "",
            "enabled_metrics": [
              "GroupDesiredCapacity",
              "GroupInServiceInstances",
              "GroupMaxSize",
              "GroupMinSize",
              "GroupTotalInstances"
            ],
            "force_delete": false,
            "force_delete_warm_pool": false,
            "health_check_grace_period": 300,
            "health_check_type": "ELB",
            "id": "cloudproject-asg",
            "initial_lifecycle_hook": [],
            "instance_refresh": [],
            "launch_configuration": "",
            "launch_template": [
              {
                "id": "lt-0a692ceba9f8d618b",
                "name": "cloudproject-tpl",
                "version": "1"
              }
            ],
            "load_balancers": [],
            "max_instance_lifetime": 0,
            "max_size": 6,
            "metrics_granularity": "1Minute",
            "min_elb_capacity": null,
            "min_size": 2,
            "mixed_instances_policy": [],
            "name": "cloudproject-asg",
            "name_prefix": "",
            "placement_group": "",
            "predicted_capacity": 0,
            "protect_from_scale_in": false,
            "service_linked_role_arn": "arn:aws:iam::058264317949:role/aws-service-role/autoscaling.amazonaws.com/AWSServiceRoleForAutoScaling",
            "suspended_processes": [],
            "tag": [],
            "tags": null,
            "target_group_arns": [
              "arn:aws:elasticloadbalancing:us-east-1:058264317949:targetgroup/cloudproject-tg/3dbdb1918c74de9a"
            ],
            "termination_policies": [],
            "timeouts": null,
            "vpc_zone_identifier": [
              "subnet-04d4c6712e8221eac",
              "subnet-061a1be3b6648adad"
            ],
            "wait_for_capacity_timeout": "10m",
            "wait_for_elb_capacity": null,
            "warm_pool": [],
            "warm_pool_size": 0
          },
          "sensitive_attributes": [],
          "identity_schema_version": 0,
          "private": "eyJlMmJmYjczMC1lY2FhLTExZTYtOGY4OC0zNDM2M2JjN2M0YzAiOnsiZGVsZXRlIjo2MDAwMDAwMDAwMDAsInVwZGF0ZSI6NjAwMDAwMDAwMDAwfX0=",
          "dependencies": [
            "module.alb.aws_lb_target_group.alb_target_group",
            "module.asg.aws_launch_template.lt_name",
            "module.key.aws_key_pair.client_key",
            "module.security-group.aws_security_group.alb_sg",
            "module.security-group.aws_security_group.client_sg",
            "module.vpc.aws_subnet.pri_sub_3a",
            "module.vpc.aws_subnet.pri_sub_4b",
            "module.vpc.aws_vpc.vpc",
            "module.vpc.data.aws_availability_zones.available_zones"
          ]
        }
      ]
    },
    {
      "module": "module.asg",
      "mode": "managed",
      "type": "aws_autoscaling_policy",
      "name": "scale_down",
      "provider": "provider[\"registry.terraform.io/hashicorp/aws\"]",
      "instances": [
        {
          "schema_version": 0,
          "attributes": {
            "adjustment_type": "ChangeInCapacity",
            "arn": "arn:aws:autoscaling:us-east-1:058264317949:scalingPolicy:2cc4dcba-a500-4b38-bcdb-0a983908e48f:autoScalingGroupName/cloudproject-asg:policyName/cloudproject-asg-scale-down",
            "autoscaling_group_name": "cloudproject-asg",
            "cooldown": 300,
            "enabled": true,
            "estimated_instance_warmup": 0,
            "id": "cloudproject-asg-scale-down",
            "metric_aggregation_type": "",
            "min_adjustment_magnitude": 0,
            "name": "cloudproject-asg-scale-down",
            "policy_type": "SimpleScaling",
            "predictive_scaling_configuration": [],
            "scaling_adjustment": -1,
            "step_adjustment": [],
            "target_tracking_configuration": []
          },
          "sensitive_attributes": [],
          "identity_schema_version": 0,
          "private": "bnVsbA==",
          "dependencies": [
            "module.alb.aws_lb_target_group.alb_target_group",
            "module.asg.aws_autoscaling_group.asg_name",
            "module.asg.aws_launch_template.lt_name",
            "module.key.aws_key_pair.client_key",
            "module.security-group.aws_security_group.alb_sg",
            "module.security-group.aws_security_group.client_sg",
            "module.vpc.aws_subnet.pri_sub_3a",
            "module.vpc.aws_subnet.pri_sub_4b",
            "module.vpc.aws_vpc.vpc",
            "module.vpc.data.aws_availability_zones.available_zones"
          ]
        }
      ]
    },
    {
      "module": "module.asg",
      "mode": "managed",
      "type": "aws_autoscaling_policy",
      "name": "scale_up",
      "provider": "provider[\"registry.terraform.io/hashicorp/aws\"]",
      "instances": [
        {
          "schema_version": 0,
          "attributes": {
            "adjustment_type": "ChangeInCapacity",
            "arn": "arn:aws:autoscaling:us-east-1:058264317949:scalingPolicy:84d6cb7d-0543-4adb-89f1-8edbe0c1dbd2:autoScalingGroupName/cloudproject-asg:policyName/cloudproject-asg-scale-up",
            "autoscaling_group_name": "cloudproject-asg",
            "cooldown": 300,
            "enabled": true,
            "estimated_instance_warmup": 0,
            "id": "cloudproject-asg-scale-up",
            "metric_aggregation_type": "",
            "min_adjustment_magnitude": 0,
            "name": "cloudproject-asg-scale-up",
            "policy_type": "SimpleScaling",
            "predictive_scaling_configuration": [],
            "scaling_adjustment": 1,
            "step_adjustment": [],
            "target_tracking_configuration": []
          },
          "sensitive_attributes": [],
          "identity_schema_version": 0,
          "private": "bnVsbA==",
          "dependencies": [
            "module.alb.aws_lb_target_group.alb_target_group",
            "module.asg.aws_autoscaling_group.asg_name",
            "module.asg.aws_launch_template.lt_name",
            "module.key.aws_key_pair.client_key",
            "module.security-group.aws_security_group.alb_sg",
            "module.security-group.aws_security_group.client_sg",
            "module.vpc.aws_subnet.pri_sub_3a",
            "module.vpc.aws_subnet.pri_sub_4b",
            "module.vpc.aws_vpc.vpc",
            "module.vpc.data.aws_availability_zones.available_zones"
          ]
        }
      ]
    },
    {
      "module": "module.asg",
      "mode": "managed",
      "type": "aws_cloudwatch_metric_alarm",
      "name": "scale_down_alarm",
      "provider": "provider[\"registry.terraform.io/hashicorp/aws\"]",
      "instances": [
        {
          "schema_version": 1,
          "attributes": {
            "actions_enabled": true,
            "alarm_actions": [
              "arn:aws:autoscaling:us-east-1:058264317949:scalingPolicy:2cc4dcba-a500-4b38-bcdb-0a983908e48f:autoScalingGroupName/cloudproject-asg:policyName/cloudproject-asg-scale-down"
            ],
            "alarm_description": "asg-scale-down-cpu-alarm",
            "alarm_name": "cloudproject-asg-scale-down-alarm",
            "arn": "arn:aws:cloudwatch:us-east-1:058264317949:alarm:cloudproject-asg-scale-down-alarm",
            "comparison_operator": "LessThanOrEqualToThreshold",
            "datapoints_to_alarm": 0,
            "dimensions": {
              "AutoScalingGroupName": "cloudproject-asg"
            },
            "evaluate_low_sample_count_percentiles": "",
            "evaluation_periods": 2,
            "extended_statistic": "",
            "id": "cloudproject-asg-scale-down-alarm",
            "insufficient_data_actions": [],
            "metric_name": "CPUUtilization",
            "metric_query": [],
            "namespace": "AWS/EC2",
            "ok_actions": [],
            "period": 120,
            "statistic": "Average",
            "tags": {},
            "tags_all": {},
            "threshold": 5,
            "threshold_metric_id": "",
            "treat_missing_data": "missing",
            "unit": ""
          },
          "sensitive_attributes": [],
          "identity_schema_version": 0,
          "private": "eyJzY2hlbWFfdmVyc2lvbiI6IjEifQ==",
          "dependencies": [
            "module.alb.aws_lb_target_group.alb_target_group",
            "module.asg.aws_autoscaling_group.asg_name",
            "module.asg.aws_autoscaling_policy.scale_down",
            "module.asg.aws_launch_template.lt_name",
            "module.key.aws_key_pair.client_key",
            "module.security-group.aws_security_group.alb_sg",
            "module.security-group.aws_security_group.client_sg",
            "module.vpc.aws_subnet.pri_sub_3a",
            "module.vpc.aws_subnet.pri_sub_4b",
            "module.vpc.aws_vpc.vpc",
            "module.vpc.data.aws_availability_zones.available_zones"
          ]
        }
      ]
    },
    {
      "module": "module.asg",
      "mode": "managed",
      "type": "aws_cloudwatch_metric_alarm",
      "name": "scale_up_alarm",
      "provider": "provider[\"registry.terraform.io/hashicorp/aws\"]",
      "instances": [
        {
          "schema_version": 1,
          "attributes": {
            "actions_enabled": true,
            "alarm_actions": [
              "arn:aws:autoscaling:us-east-1:058264317949:scalingPolicy:84d6cb7d-0543-4adb-89f1-8edbe0c1dbd2:autoScalingGroupName/cloudproject-asg:policyName/cloudproject-asg-scale-up"
            ],
            "alarm_description": "asg-scale-up-cpu-alarm",
            "alarm_name": "cloudproject-asg-scale-up-alarm",
            "arn": "arn:aws:cloudwatch:us-east-1:058264317949:alarm:cloudproject-asg-scale-up-alarm",
            "comparison_operator": "GreaterThanOrEqualToThreshold",
            "datapoints_to_alarm": 0,
            "dimensions": {
              "AutoScalingGroupName": "cloudproject-asg"
            },
            "evaluate_low_sample_count_percentiles": "",
            "evaluation_periods": 2,
            "extended_statistic": "",
            "id": "cloudproject-asg-scale-up-alarm",
            "insufficient_data_actions": [],
            "metric_name": "CPUUtilization",
            "metric_query": [],
            "namespace": "AWS/EC2",
            "ok_actions": [],
            "period": 120,
            "statistic": "Average",
            "tags": {},
            "tags_all": {},
            "threshold": 70,
            "threshold_metric_id": "",
            "treat_missing_data": "missing",
            "unit": ""
          },
          "sensitive_attributes": [],
          "identity_schema_version": 0,
          "private": "eyJzY2hlbWFfdmVyc2lvbiI6IjEifQ==",
          "dependencies": [
            "module.alb.aws_lb_target_group.alb_target_group",
            "module.asg.aws_autoscaling_group.asg_name",
            "module.asg.aws_autoscaling_policy.scale_up",
            "module.asg.aws_launch_template.lt_name",
            "module.key.aws_key_pair.client_key",
            "module.security-group.aws_security_group.alb_sg",
            "module.security-group.aws_security_group.client_sg",
            "module.vpc.aws_subnet.pri_sub_3a",
            "module.vpc.aws_subnet.pri_sub_4b",
            "module.vpc.aws_vpc.vpc",
            "module.vpc.data.aws_availability_zones.available_zones"
          ]
        }
      ]
    },
    {
      "module": "module.asg",
      "mode": "managed",
      "type": "aws_launch_template",
      "name": "lt_name",
      "provider": "provider[\"registry.terraform.io/hashicorp/aws\"]",
      "instances": [
        {
          "schema_version": 0,
          "attributes": {
            "arn": "arn:aws:ec2:us-east-1:058264317949:launch-template/lt-0a692ceba9f8d618b",
            "block_device_mappings": [],
            "capacity_reservation_specification": [],
            "cpu_options": [],
            "credit_specification": [],
            "default_version": 1,
            "description": "",
            "disable_api_stop": false,
            "disable_api_termination": false,
            "ebs_optimized": "",
            "elastic_gpu_specifications": [],
            "elastic_inference_accelerator": [],
            "enclave_options": [],
            "hibernation_options": [],
            "iam_instance_profile": [],
            "id": "lt-0a692ceba9f8d618b",
            "image_id": "ami-053b0d53c279acc90",
            "instance_initiated_shutdown_behavior": "",
            "instance_market_options": [],
            "instance_requirements": [],
            "instance_type": "t2.micro",
            "kernel_id": "",
            "key_name": "client_key",
            "latest_version": 1,
            "license_specification": [],
            "maintenance_options": [],
            "metadata_options": [],
            "monitoring": [],
            "name": "cloudproject-tpl",
            "name_prefix": "",
            "network_interfaces": [],
            "placement": [],
            "private_dns_name_options": [],
            "ram_disk_id": "",
            "security_group_names": [],
            "tag_specifications": [],
            "tags": {
              "Name": "cloudproject-tpl"
            },
            "tags_all": {
              "Name": "cloudproject-tpl"
            },
            "update_default_version": null,
            "user_data": "IyEvYmluL2Jhc2gKCgpVUkw9J2h0dHBzOi8vd3d3LnRvb3BsYXRlLmNvbS96aXAtdGVtcGxhdGVzLzIxMzZfa29vbF9mb3JtX3BhY2suemlwJwpBUlRfTkFNRT0nMjEzNl9rb29sX2Zvcm1fcGFjaycKVEVNUERJUj0iL3RtcC93ZWJmaWxlcyIKCiMgU2V0IFZhcmlhYmxlcyBmb3IgVWJ1bnR1ClBBQ0tBR0U9ImFwYWNoZTIgd2dldCB1bnppcCIKU1ZDPSJhcGFjaGUyIgoKCmVjaG8gIlJ1bm5pbmcgU2V0dXAgb24gVWJ1bnR1IgojIEluc3RhbGxpbmcgRGVwZW5kZW5jaWVzCmVjaG8gIiMjIyMjIyMjIyMjIyMjIyMjIyMjIyMjIyMjIyMjIyMjIyMjIyMjIyMiCmVjaG8gIkluc3RhbGxpbmcgcGFja2FnZXMuIgplY2hvICIjIyMjIyMjIyMjIyMjIyMjIyMjIyMjIyMjIyMjIyMjIyMjIyMjIyMjIgpzdWRvIGFwdCB1cGRhdGUKc3VkbyBhcHQgaW5zdGFsbCAkUEFDS0FHRSAteSA+IC9kZXYvbnVsbAplY2hvCgojIFN0YXJ0ICYgRW5hYmxlIFNlcnZpY2UKZWNobyAiIyMjIyMjIyMjIyMjIyMjIyMjIyMjIyMjIyMjIyMjIyMjIyMjIyMjIyIKZWNobyAiU3RhcnQgJiBFbmFibGUgSFRUUEQgU2VydmljZSIKZWNobyAiIyMjIyMjIyMjIyMjIyMjIyMjIyMjIyMjIyMjIyMjIyMjIyMjIyMjIyIKc3VkbyBzeXN0ZW1jdGwgc3RhcnQgJFNWQwpzdWRvIHN5c3RlbWN0bCBlbmFibGUgJFNWQwplY2hvCgojIENyZWF0aW5nIFRlbXAgRGlyZWN0b3J5CmVjaG8gIiMjIyMjIyMjIyMjIyMjIyMjIyMjIyMjIyMjIyMjIyMjIyMjIyMjIyMiCmVjaG8gIlN0YXJ0aW5nIEFydGlmYWN0IERlcGxveW1lbnQiCmVjaG8gIiMjIyMjIyMjIyMjIyMjIyMjIyMjIyMjIyMjIyMjIyMjIyMjIyMjIyMiCm1rZGlyIC1wICRURU1QRElSCmNkICRURU1QRElSCmVjaG8KCndnZXQgJFVSTCA+IC9kZXYvbnVsbAp1bnppcCAkQVJUX05BTUUuemlwID4gL2Rldi9udWxsCnN1ZG8gY3AgLXIgJEFSVF9OQU1FLyogL3Zhci93d3cvaHRtbC8KZWNobwoKIyBCb3VuY2UgU2VydmljZQplY2hvICIjIyMjIyMjIyMjIyMjIyMjIyMjIyMjIyMjIyMjIyMjIyMjIyMjIyMjIgplY2hvICJSZXN0YXJ0aW5nIEhUVFBEIHNlcnZpY2UiCmVjaG8gIiMjIyMjIyMjIyMjIyMjIyMjIyMjIyMjIyMjIyMjIyMjIyMjIyMjIyMiCnN5c3RlbWN0bCByZXN0YXJ0ICRTVkMKZWNobwoKIyBDbGVhbiBVcAplY2hvICIjIyMjIyMjIyMjIyMjIyMjIyMjIyMjIyMjIyMjIyMjIyMjIyMjIyMjIgplY2hvICJSZW1vdmluZyBUZW1wb3JhcnkgRmlsZXMiCmVjaG8gIiMjIyMjIyMjIyMjIyMjIyMjIyMjIyMjIyMjIyMjIyMjIyMjIyMjIyMiCnJtIC1yZiAkVEVNUERJUgplY2hvICJjbGVhbnVwIGRvbmUi",
            "vpc_security_group_ids": [
              "sg-0ee891eec18e682d8"
            ]
          },
          "sensitive_attributes": [],
          "identity_schema_version": 0,
          "private": "bnVsbA==",
          "dependencies": [
            "module.key.aws_key_pair.client_key",
            "module.security-group.aws_security_group.alb_sg",
            "module.security-group.aws_security_group.client_sg",
            "module.vpc.aws_vpc.vpc"
          ]
        }
      ]
    },
    {
      "module": "module.cloudfront",
      "mode": "data",
      "type": "aws_acm_certificate",
      "name": "issued",
      "provider": "module.cloudfront.provider[\"registry.terraform.io/hashicorp/aws\"].us-east-1",
      "instances": [
        {
          "schema_version": 0,
          "attributes": {
            "arn": "arn:aws:acm:us-east-1:058264317949:certificate/57d653f1-0189-4f85-b086-7b7ac0f9dcb2",
            "certificate": "-----BEGIN CERTIFICATE-----\nMIIFwzCCBKugAwIBAgIQClFYGGsNsF8UPwD+sb9wxjANBgkqhkiG9w0BAQsFADA8\nMQswCQYDVQQGEwJVUzEPMA0GA1UEChMGQW1hem9uMRwwGgYDVQQDExNBbWF6b24g\nUlNBIDIwNDggTTA0MB4XDTI1MDUxMTAwMDAwMFoXDTI2MDYwOTIzNTk1OVowFzEV\nMBMGA1UEAxMMbWVkc2luZm8ueHl6MIIBIjANBgkqhkiG9w0BAQEFAAOCAQ8AMIIB\nCgKCAQEArtAWMJg9V89IOhWOSDds9HdQA9F1MOLO80tl982wM0qTOaXYO5yhwuKT\n4PZPu0xYyBo6Iy7QSIJ18QoeYH+gR9Obui8ipK7l8CD7nuatM5cGAzI8TYsbzoIg\nR7o10c4Zkpa1iyjuSPJThZlFNJwbmFRzvxveNlOWRntzWzwoaX/XsaNNOb1ViZeb\nRzHZZ5n88Trks7zjw1/BvwtD07aajldfUvXBXPQExMWEXQWvzN3MgUUuqV/DY6ed\nJZyXKfJ1UZbqv6pB4JpBEcZEXE0l6HwtA5mn23sqV8MOE44HrFmI4GhaojwvEfSE\nFrFw9yc8PD+QsthC7ecrVQRIoztWHwIDAQABo4IC5DCCAuAwHwYDVR0jBBgwFoAU\nH1KSYVaCVH+BZtgdPQqqMlyH3QgwHQYDVR0OBBYEFIIreMnIiNX6g0esJCFLpwVd\nzCERMBcGA1UdEQQQMA6CDG1lZHNpbmZvLnh5ejATBgNVHSAEDDAKMAgGBmeBDAEC\nATAOBgNVHQ8BAf8EBAMCBaAwHQYDVR0lBBYwFAYIKwYBBQUHAwEGCCsGAQUFBwMC\nMDsGA1UdHwQ0MDIwMKAuoCyGKmh0dHA6Ly9jcmwucjJtMDQuYW1hem9udHJ1c3Qu\nY29tL3IybTA0LmNybDB1BggrBgEFBQcBAQRpMGcwLQYIKwYBBQUHMAGGIWh0dHA6\nLy9vY3NwLnIybTA0LmFtYXpvbnRydXN0LmNvbTA2BggrBgEFBQcwAoYqaHR0cDov\nL2NydC5yMm0wNC5hbWF6b250cnVzdC5jb20vcjJtMDQuY2VyMAwGA1UdEwEB/wQC\nMAAwggF9BgorBgEEAdZ5AgQCBIIBbQSCAWkBZwB1AA5XlLzzrqk+MxssmQez95Df\nm8I9cTIl3SGpJaxhxU4hAAABlr+ItPoAAAQDAEYwRAIga3Gkkvsx/lExotvfZkzr\nyG4l2F7UZgxt4ep5DmPFqX4CIC94Fpl0zUTmlgpQ2JKkvq3Lwh34oX1gwSSYsewG\n6mlCAHUAZBHEbKQS7KeJHKICLgC8q08oB9QeNSer6v7VA8l9zfAAAAGWv4i1OgAA\nBAMARjBEAiAJzXP5XkY5/HrG9hL82b3Rb/YnMN7Vd0MD/5uRn8pWwAIgLoerLosL\neyGaoKTyHNlywJkVfYgnKLgvg0zNp1C882gAdwBJnJtp3h187Pw23s2HZKa4W68K\nh4AZ0VVS++nrKd34wwAAAZa/iLVKAAAEAwBIMEYCIQCz3m+R1L6C7Rtmn/Q1wPgh\nOHVgM3s1lxrYftIGhWqfUgIhAJh7cCvzCxNxllDJZetabUuJaxsvKGBrhBwjS+Rq\nH2SuMA0GCSqGSIb3DQEBCwUAA4IBAQCC1OA2TM+LGoy16gqHr2iZmW2pW+43w6aU\nlhkY9GFCYKb/9U7rbiNNaMlfYMRz5DZHQXBuxwiJHsN7CiwqwV77VmTr0KGSmLRr\nCnwzBx8PSVi3wH2tZCgh+mOjJxUkd6O/YAOg3G5DSry9I3wWZEynafbH70ECNp9U\nqlTQNEbJExx3nEYfp/LUeWk/8wDaiB7k4CoBbonkwUZTi6oI9cAtNWQSPLOWPauO\nOjc2d5sMtHw1Zk/tE0yAOoQblE3sCAN33uMvKgVS4blMt2uO2l6/LSA+pttsUBkd\nt77SyFUoG2aCqK6cg6qKBCFoiwm+Pxqhiqscid+Vx9hdlpTSw4il\n-----END CERTIFICATE-----\n",
            "certificate_chain": "-----BEGIN CERTIFICATE-----\nMIIEXjCCA0agAwIBAgITB3MSTyqVLj7Rili9uF0bwM5fJzANBgkqhkiG9w0BAQsF\nADA5MQswCQYDVQQGEwJVUzEPMA0GA1UEChMGQW1hem9uMRkwFwYDVQQDExBBbWF6\nb24gUm9vdCBDQSAxMB4XDTIyMDgyMzIyMjYzNVoXDTMwMDgyMzIyMjYzNVowPDEL\nMAkGA1UEBhMCVVMxDzANBgNVBAoTBkFtYXpvbjEcMBoGA1UEAxMTQW1hem9uIFJT\nQSAyMDQ4IE0wNDCCASIwDQYJKoZIhvcNAQEBBQADggEPADCCAQoCggEBAM3pVR6A\nlQOp4xe776FdePXyejgA38mYx1ou9/jrpV6Sfn+/oqBKgwhY6ePsQHHQayWBJdBn\nv4Wz363qRI4XUh9swBFJ11TnZ3LqOMvHmWq2+loA0QPtOfXdJ2fHBLrBrngtJ/GB\n0p5olAVYrSZgvQGP16Rf8ddtNyxEEhYm3HuhmNi+vSeAq1tLYJPAvRCXonTpWdSD\nxY6hvdmxlqTYi82AtBXSfpGQ58HHM0hw0C6aQakghrwWi5fGslLOqzpimNMIsT7c\nqa0GJx6JfKqJqmQQNplO2h8n9ZsFJgBowof01ppdoLAWg6caMOM0om/VILKaa30F\n9W/r8Qjah7ltGVkCAwEAAaOCAVowggFWMBIGA1UdEwEB/wQIMAYBAf8CAQAwDgYD\nVR0PAQH/BAQDAgGGMB0GA1UdJQQWMBQGCCsGAQUFBwMBBggrBgEFBQcDAjAdBgNV\nHQ4EFgQUH1KSYVaCVH+BZtgdPQqqMlyH3QgwHwYDVR0jBBgwFoAUhBjMhTTsvAyU\nlC4IWZzHshBOCggwewYIKwYBBQUHAQEEbzBtMC8GCCsGAQUFBzABhiNodHRwOi8v\nb2NzcC5yb290Y2ExLmFtYXpvbnRydXN0LmNvbTA6BggrBgEFBQcwAoYuaHR0cDov\nL2NydC5yb290Y2ExLmFtYXpvbnRydXN0LmNvbS9yb290Y2ExLmNlcjA/BgNVHR8E\nODA2MDSgMqAwhi5odHRwOi8vY3JsLnJvb3RjYTEuYW1hem9udHJ1c3QuY29tL3Jv\nb3RjYTEuY3JsMBMGA1UdIAQMMAowCAYGZ4EMAQIBMA0GCSqGSIb3DQEBCwUAA4IB\nAQA+1O5UsAaNuW3lHzJtpNGwBnZd9QEYFtxpiAnIaV4qApnGS9OCw5ZPwie7YSlD\nZF5yyFPsFhUC2Q9uJHY/CRV1b5hIiGH0+6+w5PgKiY1MWuWT8VAaJjFxvuhM7a/e\nfN2TIw1Wd6WCl6YRisunjQOrSP+unqC8A540JNyZ1JOE3jVqat3OZBGgMvihdj2w\nY23EpwesrKiQzkHzmvSH67PVW4ycbPy08HVZnBxZ5NrlGG9bwXR3fNTaz+c+Ej6c\n5AnwI3qkOFgSkg3Y75cdFz6pO/olK+e3AqygAcv0WjzmkDPuBjssuZjCHMC56oH3\nGJkV29Di2j5prHJbwZjG1inU\n-----END CERTIFICATE-----\n-----BEGIN CERTIFICATE-----\nMIIEkjCCA3qgAwIBAgITBn+USionzfP6wq4rAfkI7rnExjANBgkqhkiG9w0BAQsF\nADCBmDELMAkGA1UEBhMCVVMxEDAOBgNVBAgTB0FyaXpvbmExEzARBgNVBAcTClNj\nb3R0c2RhbGUxJTAjBgNVBAoTHFN0YXJmaWVsZCBUZWNobm9sb2dpZXMsIEluYy4x\nOzA5BgNVBAMTMlN0YXJmaWVsZCBTZXJ2aWNlcyBSb290IENlcnRpZmljYXRlIEF1\ndGhvcml0eSAtIEcyMB4XDTE1MDUyNTEyMDAwMFoXDTM3MTIzMTAxMDAwMFowOTEL\nMAkGA1UEBhMCVVMxDzANBgNVBAoTBkFtYXpvbjEZMBcGA1UEAxMQQW1hem9uIFJv\nb3QgQ0EgMTCCASIwDQYJKoZIhvcNAQEBBQADggEPADCCAQoCggEBALJ4gHHKeNXj\nca9HgFB0fW7Y14h29Jlo91ghYPl0hAEvrAIthtOgQ3pOsqTQNroBvo3bSMgHFzZM\n9O6II8c+6zf1tRn4SWiw3te5djgdYZ6k/oI2peVKVuRF4fn9tBb6dNqcmzU5L/qw\nIFAGbHrQgLKm+a/sRxmPUDgH3KKHOVj4utWp+UhnMJbulHheb4mjUcAwhmahRWa6\nVOujw5H5SNz/0egwLX0tdHA114gk957EWW67c4cX8jJGKLhD+rcdqsq08p8kDi1L\n93FcXmn/6pUCyziKrlA4b9v7LWIbxcceVOF34GfID5yHI9Y/QCB/IIDEgEw+OyQm\njgSubJrIqg0CAwEAAaOCATEwggEtMA8GA1UdEwEB/wQFMAMBAf8wDgYDVR0PAQH/\nBAQDAgGGMB0GA1UdDgQWBBSEGMyFNOy8DJSULghZnMeyEE4KCDAfBgNVHSMEGDAW\ngBScXwDfqgHXMCs4iKK4bUqc8hGRgzB4BggrBgEFBQcBAQRsMGowLgYIKwYBBQUH\nMAGGImh0dHA6Ly9vY3NwLnJvb3RnMi5hbWF6b250cnVzdC5jb20wOAYIKwYBBQUH\nMAKGLGh0dHA6Ly9jcnQucm9vdGcyLmFtYXpvbnRydXN0LmNvbS9yb290ZzIuY2Vy\nMD0GA1UdHwQ2MDQwMqAwoC6GLGh0dHA6Ly9jcmwucm9vdGcyLmFtYXpvbnRydXN0\nLmNvbS9yb290ZzIuY3JsMBEGA1UdIAQKMAgwBgYEVR0gADANBgkqhkiG9w0BAQsF\nAAOCAQEAYjdCXLwQtT6LLOkMm2xF4gcAevnFWAu5CIw+7bMlPLVvUOTNNWqnkzSW\nMiGpSESrnO09tKpzbeR/FoCJbM8oAxiDR3mjEH4wW6w7sGDgd9QIpuEdfF7Au/ma\neyKdpwAJfqxGF4PcnCZXmTA5YpaP7dreqsXMGz7KQ2hsVxa81Q4gLv7/wmpdLqBK\nbRRYh5TmOTFffHPLkIhqhBGWJ6bt2YFGpn6jcgAKUj6DiAdjd4lpFw85hdKrCEVN\n0FE6/V1dN2RMfjCyVSRCnTawXZwXgWHxyvkQAiSr6w10kY17RSlQOYiypok1JR4U\nakcjMS9cmvqtmg5iUaQqqcT5NJ0hGA==\n-----END CERTIFICATE-----\n",
            "domain": "medsinfo.xyz",
            "id": "arn:aws:acm:us-east-1:058264317949:certificate/57d653f1-0189-4f85-b086-7b7ac0f9dcb2",
            "key_types": null,
            "most_recent": true,
            "status": "ISSUED",
            "statuses": [
              "ISSUED"
            ],
            "tags": {
              "name": "medsinfo.xyz"
            },
            "types": null
          },
          "sensitive_attributes": [],
          "identity_schema_version": 0
        }
      ]
    },
    {
      "module": "module.cloudfront",
      "mode": "managed",
      "type": "aws_cloudfront_distribution",
      "name": "my_distribution",
      "provider": "provider[\"registry.terraform.io/hashicorp/aws\"]",
      "instances": [
        {
          "schema_version": 1,
          "attributes": {
            "aliases": [
              "medsinfo.xyz"
            ],
            "arn": "arn:aws:cloudfront::058264317949:distribution/E1UUUA5P4TWP8D",
            "caller_reference": "terraform-20250721114955261000000001",
            "comment": null,
            "custom_error_response": [],
            "default_cache_behavior": [
              {
                "allowed_methods": [
                  "DELETE",
                  "GET",
                  "HEAD",
                  "OPTIONS",
                  "PATCH",
                  "POST",
                  "PUT"
                ],
                "cache_policy_id": "",
                "cached_methods": [
                  "GET",
                  "HEAD",
                  "OPTIONS"
                ],
                "compress": false,
                "default_ttl": 0,
                "field_level_encryption_id": "",
                "forwarded_values": [
                  {
                    "cookies": [
                      {
                        "forward": "all",
                        "whitelisted_names": []
                      }
                    ],
                    "headers": [],
                    "query_string": true,
                    "query_string_cache_keys": []
                  }
                ],
                "function_association": [],
                "lambda_function_association": [],
                "max_ttl": 0,
                "min_ttl": 0,
                "origin_request_policy_id": "",
                "realtime_log_config_arn": "",
                "response_headers_policy_id": "",
                "smooth_streaming": false,
                "target_origin_id": "cloudproject-alb-912056700.us-east-1.elb.amazonaws.com",
                "trusted_key_groups": [],
                "trusted_signers": [],
                "viewer_protocol_policy": "redirect-to-https"
              }
            ],
            "default_root_object": "",
            "domain_name": "d1vmkl1okiklg5.cloudfront.net",
            "enabled": true,
            "etag": "E3AG2EBWEZEK8P",
            "hosted_zone_id": "Z2FDTNDATAQYW2",
            "http_version": "http2",
            "id": "E1UUUA5P4TWP8D",
            "in_progress_validation_batches": 0,
            "is_ipv6_enabled": false,
            "last_modified_time": "2025-07-21 11:49:57.719 +0000 UTC",
            "logging_config": [],
            "ordered_cache_behavior": [],
            "origin": [
              {
                "connection_attempts": 3,
                "connection_timeout": 10,
                "custom_header": [],
                "custom_origin_config": [
                  {
                    "http_port": 80,
                    "https_port": 443,
                    "origin_keepalive_timeout": 5,
                    "origin_protocol_policy": "https-only",
                    "origin_read_timeout": 30,
                    "origin_ssl_protocols": [
                      "TLSv1.2"
                    ]
                  }
                ],
                "domain_name": "cloudproject-alb-912056700.us-east-1.elb.amazonaws.com",
                "origin_access_control_id": "",
                "origin_id": "cloudproject-alb-912056700.us-east-1.elb.amazonaws.com",
                "origin_path": "",
                "origin_shield": [],
                "s3_origin_config": []
              }
            ],
            "origin_group": [],
            "price_class": "PriceClass_All",
            "restrictions": [
              {
                "geo_restriction": [
                  {
                    "locations": [
                      "CA",
                      "IN",
                      "US"
                    ],
                    "restriction_type": "whitelist"
                  }
                ]
              }
            ],
            "retain_on_delete": false,
            "status": "Deployed",
            "tags": {
              "Name": "cloudproject"
            },
            "tags_all": {
              "Name": "cloudproject"
            },
            "trusted_key_groups": [
              {
                "enabled": false,
                "items": []
              }
            ],
            "trusted_signers": [
              {
                "enabled": false,
                "items": []
              }
            ],
            "viewer_certificate": [
              {
                "acm_certificate_arn": "arn:aws:acm:us-east-1:058264317949:certificate/57d653f1-0189-4f85-b086-7b7ac0f9dcb2",
                "cloudfront_default_certificate": false,
                "iam_certificate_id": "",
                "minimum_protocol_version": "TLSv1.2_2018",
                "ssl_support_method": "sni-only"
              }
            ],
            "wait_for_deployment": true,
            "web_acl_id": ""
          },
          "sensitive_attributes": [],
          "identity_schema_version": 0,
          "private": "eyJzY2hlbWFfdmVyc2lvbiI6IjEifQ==",
          "dependencies": [
            "module.alb.aws_lb.application_load_balancer",
            "module.security-group.aws_security_group.alb_sg",
            "module.vpc.aws_subnet.pub_sub_1a",
            "module.vpc.aws_subnet.pub_sub_2b",
            "module.vpc.aws_vpc.vpc",
            "module.vpc.data.aws_availability_zones.available_zones"
          ]
        }
      ]
    },
    {
      "module": "module.key",
      "mode": "managed",
      "type": "aws_key_pair",
      "name": "client_key",
      "provider": "provider[\"registry.terraform.io/hashicorp/aws\"]",
      "instances": [
        {
          "schema_version": 1,
          "attributes": {
            "arn": "arn:aws:ec2:us-east-1:058264317949:key-pair/client_key",
            "fingerprint": "fgMuh21JHK5XUNkZMOOJai1gu/grySMGN+QwTGcWBwI=",
            "id": "client_key",
            "key_name": "client_key",
            "key_name_prefix": "",
            "key_pair_id": "key-0df17fa4f015f024e",
            "key_type": "ed25519",
            "public_key": "ssh-ed25519 AAAAC3NzaC1lZDI1NTE5AAAAIEfbj3VryTuMoHbo37k8AOsDXDwSjAbraCu72DrZJdQ6 med@MED",
            "tags": {},
            "tags_all": {}
          },
          "sensitive_attributes": [],
          "identity_schema_version": 0,
          "private": "eyJzY2hlbWFfdmVyc2lvbiI6IjEifQ=="
        }
      ]
    },
    {
      "module": "module.nat",
      "mode": "managed",
      "type": "aws_eip",
      "name": "eip-nat-a",
      "provider": "provider[\"registry.terraform.io/hashicorp/aws\"]",
      "instances": [
        {
          "schema_version": 0,
          "attributes": {
            "address": null,
            "allocation_id": "eipalloc-047b5b50b7fffdd11",
            "associate_with_private_ip": null,
            "association_id": "eipassoc-0686b4c31d19c6993",
            "carrier_ip": "",
            "customer_owned_ip": "",
            "customer_owned_ipv4_pool": "",
            "domain": "vpc",
            "id": "eipalloc-047b5b50b7fffdd11",
            "instance": "",
            "network_border_group": "us-east-1",
            "network_interface": "eni-09b8ced5d4ff3389a",
            "private_dns": "ip-10-0-1-9.ec2.internal",
            "private_ip": "10.0.1.9",
            "public_dns": "ec2-52-44-99-125.compute-1.amazonaws.com",
            "public_ip": "52.44.99.125",
            "public_ipv4_pool": "amazon",
            "tags": {
              "Name": "eip-nat-a"
            },
            "tags_all": {
              "Name": "eip-nat-a"
            },
            "timeouts": null,
            "vpc": true
          },
          "sensitive_attributes": [],
          "identity_schema_version": 0,
          "private": "eyJlMmJmYjczMC1lY2FhLTExZTYtOGY4OC0zNDM2M2JjN2M0YzAiOnsiZGVsZXRlIjoxODAwMDAwMDAwMDAsInJlYWQiOjkwMDAwMDAwMDAwMCwidXBkYXRlIjozMDAwMDAwMDAwMDB9fQ=="
        }
      ]
    },
    {
      "module": "module.nat",
      "mode": "managed",
      "type": "aws_eip",
      "name": "eip-nat-b",
      "provider": "provider[\"registry.terraform.io/hashicorp/aws\"]",
      "instances": [
        {
          "schema_version": 0,
          "attributes": {
            "address": null,
            "allocation_id": "eipalloc-06192a85188501c98",
            "associate_with_private_ip": null,
            "association_id": "eipassoc-07c004825385dd2ee",
            "carrier_ip": "",
            "customer_owned_ip": "",
            "customer_owned_ipv4_pool": "",
            "domain": "vpc",
            "id": "eipalloc-06192a85188501c98",
            "instance": "",
            "network_border_group": "us-east-1",
            "network_interface": "eni-0aea77776009b9c43",
            "private_dns": "ip-10-0-2-252.ec2.internal",
            "private_ip": "10.0.2.252",
            "public_dns": "ec2-54-147-233-65.compute-1.amazonaws.com",
            "public_ip": "54.147.233.65",
            "public_ipv4_pool": "amazon",
            "tags": {
              "Name": "eip-nat-b"
            },
            "tags_all": {
              "Name": "eip-nat-b"
            },
            "timeouts": null,
            "vpc": true
          },
          "sensitive_attributes": [],
          "identity_schema_version": 0,
          "private": "eyJlMmJmYjczMC1lY2FhLTExZTYtOGY4OC0zNDM2M2JjN2M0YzAiOnsiZGVsZXRlIjoxODAwMDAwMDAwMDAsInJlYWQiOjkwMDAwMDAwMDAwMCwidXBkYXRlIjozMDAwMDAwMDAwMDB9fQ=="
        }
      ]
    },
    {
      "module": "module.nat",
      "mode": "managed",
      "type": "aws_nat_gateway",
      "name": "nat-a",
      "provider": "provider[\"registry.terraform.io/hashicorp/aws\"]",
      "instances": [
        {
          "schema_version": 0,
          "attributes": {
            "allocation_id": "eipalloc-047b5b50b7fffdd11",
            "association_id": "eipassoc-0686b4c31d19c6993",
            "connectivity_type": "public",
            "id": "nat-04dfaed8538393a85",
            "network_interface_id": "eni-09b8ced5d4ff3389a",
            "private_ip": "10.0.1.9",
            "public_ip": "52.44.99.125",
            "subnet_id": "subnet-05e1ea33333576485",
            "tags": {
              "Name": "nat-a"
            },
            "tags_all": {
              "Name": "nat-a"
            }
          },
          "sensitive_attributes": [],
          "identity_schema_version": 0,
          "private": "bnVsbA==",
          "dependencies": [
            "module.nat.aws_eip.eip-nat-a",
            "module.vpc.aws_internet_gateway.internet_gateway",
            "module.vpc.aws_subnet.pub_sub_1a",
            "module.vpc.aws_vpc.vpc",
            "module.vpc.data.aws_availability_zones.available_zones"
          ]
        }
      ]
    },
    {
      "module": "module.nat",
      "mode": "managed",
      "type": "aws_nat_gateway",
      "name": "nat-b",
      "provider": "provider[\"registry.terraform.io/hashicorp/aws\"]",
      "instances": [
        {
          "schema_version": 0,
          "attributes": {
            "allocation_id": "eipalloc-06192a85188501c98",
            "association_id": "eipassoc-07c004825385dd2ee",
            "connectivity_type": "public",
            "id": "nat-007467126e631c4d9",
            "network_interface_id": "eni-0aea77776009b9c43",
            "private_ip": "10.0.2.252",
            "public_ip": "54.147.233.65",
            "subnet_id": "subnet-0d5b2c17f732c2ce8",
            "tags": {
              "Name": "nat-b"
            },
            "tags_all": {
              "Name": "nat-b"
            }
          },
          "sensitive_attributes": [],
          "identity_schema_version": 0,
          "private": "bnVsbA==",
          "dependencies": [
            "module.nat.aws_eip.eip-nat-b",
            "module.vpc.aws_internet_gateway.internet_gateway",
            "module.vpc.aws_subnet.pub_sub_2b",
            "module.vpc.aws_vpc.vpc",
            "module.vpc.data.aws_availability_zones.available_zones"
          ]
        }
      ]
    },
    {
      "module": "module.nat",
      "mode": "managed",
      "type": "aws_route_table",
      "name": "pri-rt-a",
      "provider": "provider[\"registry.terraform.io/hashicorp/aws\"]",
      "instances": [
        {
          "schema_version": 0,
          "attributes": {
            "arn": "arn:aws:ec2:us-east-1:058264317949:route-table/rtb-047c804507de1ee29",
            "id": "rtb-047c804507de1ee29",
            "owner_id": "058264317949",
            "propagating_vgws": [],
            "route": [
              {
                "carrier_gateway_id": "",
                "cidr_block": "0.0.0.0/0",
                "core_network_arn": "",
                "destination_prefix_list_id": "",
                "egress_only_gateway_id": "",
                "gateway_id": "",
                "instance_id": "",
                "ipv6_cidr_block": "",
                "local_gateway_id": "",
                "nat_gateway_id": "nat-04dfaed8538393a85",
                "network_interface_id": "",
                "transit_gateway_id": "",
                "vpc_endpoint_id": "",
                "vpc_peering_connection_id": ""
              }
            ],
            "tags": {
              "Name": "Pri-rt-a"
            },
            "tags_all": {
              "Name": "Pri-rt-a"
            },
            "timeouts": null,
            "vpc_id": "vpc-01f8cf2623e90bb7e"
          },
          "sensitive_attributes": [],
          "identity_schema_version": 0,
          "private": "eyJlMmJmYjczMC1lY2FhLTExZTYtOGY4OC0zNDM2M2JjN2M0YzAiOnsiY3JlYXRlIjozMDAwMDAwMDAwMDAsImRlbGV0ZSI6MzAwMDAwMDAwMDAwLCJ1cGRhdGUiOjEyMDAwMDAwMDAwMH19",
          "dependencies": [
            "module.nat.aws_eip.eip-nat-a",
            "module.nat.aws_nat_gateway.nat-a",
            "module.vpc.aws_internet_gateway.internet_gateway",
            "module.vpc.aws_subnet.pub_sub_1a",
            "module.vpc.aws_vpc.vpc",
            "module.vpc.data.aws_availability_zones.available_zones"
          ]
        }
      ]
    },
    {
      "module": "module.nat",
      "mode": "managed",
      "type": "aws_route_table",
      "name": "pri-rt-b",
      "provider": "provider[\"registry.terraform.io/hashicorp/aws\"]",
      "instances": [
        {
          "schema_version": 0,
          "attributes": {
            "arn": "arn:aws:ec2:us-east-1:058264317949:route-table/rtb-02c77590caff00550",
            "id": "rtb-02c77590caff00550",
            "owner_id": "058264317949",
            "propagating_vgws": [],
            "route": [
              {
                "carrier_gateway_id": "",
                "cidr_block": "0.0.0.0/0",
                "core_network_arn": "",
                "destination_prefix_list_id": "",
                "egress_only_gateway_id": "",
                "gateway_id": "",
                "instance_id": "",
                "ipv6_cidr_block": "",
                "local_gateway_id": "",
                "nat_gateway_id": "nat-007467126e631c4d9",
                "network_interface_id": "",
                "transit_gateway_id": "",
                "vpc_endpoint_id": "",
                "vpc_peering_connection_id": ""
              }
            ],
            "tags": {
              "Name": "pri-rt-b"
            },
            "tags_all": {
              "Name": "pri-rt-b"
            },
            "timeouts": null,
            "vpc_id": "vpc-01f8cf2623e90bb7e"
          },
          "sensitive_attributes": [],
          "identity_schema_version": 0,
          "private": "eyJlMmJmYjczMC1lY2FhLTExZTYtOGY4OC0zNDM2M2JjN2M0YzAiOnsiY3JlYXRlIjozMDAwMDAwMDAwMDAsImRlbGV0ZSI6MzAwMDAwMDAwMDAwLCJ1cGRhdGUiOjEyMDAwMDAwMDAwMH19",
          "dependencies": [
            "module.nat.aws_eip.eip-nat-b",
            "module.nat.aws_nat_gateway.nat-b",
            "module.vpc.aws_internet_gateway.internet_gateway",
            "module.vpc.aws_subnet.pub_sub_2b",
            "module.vpc.aws_vpc.vpc",
            "module.vpc.data.aws_availability_zones.available_zones"
          ]
        }
      ]
    },
    {
      "module": "module.nat",
      "mode": "managed",
      "type": "aws_route_table_association",
      "name": "pri-sub-3a-with-Pri-rt-a",
      "provider": "provider[\"registry.terraform.io/hashicorp/aws\"]",
      "instances": [
        {
          "schema_version": 0,
          "attributes": {
            "gateway_id": "",
            "id": "rtbassoc-00668456a11e5dd76",
            "route_table_id": "rtb-047c804507de1ee29",
            "subnet_id": "subnet-04d4c6712e8221eac",
            "timeouts": null
          },
          "sensitive_attributes": [],
          "identity_schema_version": 0,
          "private": "eyJlMmJmYjczMC1lY2FhLTExZTYtOGY4OC0zNDM2M2JjN2M0YzAiOnsiY3JlYXRlIjozMDAwMDAwMDAwMDAsImRlbGV0ZSI6MzAwMDAwMDAwMDAwLCJ1cGRhdGUiOjEyMDAwMDAwMDAwMH19",
          "dependencies": [
            "module.nat.aws_eip.eip-nat-a",
            "module.nat.aws_nat_gateway.nat-a",
            "module.nat.aws_route_table.pri-rt-a",
            "module.vpc.aws_internet_gateway.internet_gateway",
            "module.vpc.aws_subnet.pri_sub_3a",
            "module.vpc.aws_subnet.pub_sub_1a",
            "module.vpc.aws_vpc.vpc",
            "module.vpc.data.aws_availability_zones.available_zones"
          ]
        }
      ]
    },
    {
      "module": "module.nat",
      "mode": "managed",
      "type": "aws_route_table_association",
      "name": "pri-sub-4b-with-Pri-rt-b",
      "provider": "provider[\"registry.terraform.io/hashicorp/aws\"]",
      "instances": [
        {
          "schema_version": 0,
          "attributes": {
            "gateway_id": "",
            "id": "rtbassoc-0d584427422604d9e",
            "route_table_id": "rtb-047c804507de1ee29",
            "subnet_id": "subnet-061a1be3b6648adad",
            "timeouts": null
          },
          "sensitive_attributes": [],
          "identity_schema_version": 0,
          "private": "eyJlMmJmYjczMC1lY2FhLTExZTYtOGY4OC0zNDM2M2JjN2M0YzAiOnsiY3JlYXRlIjozMDAwMDAwMDAwMDAsImRlbGV0ZSI6MzAwMDAwMDAwMDAwLCJ1cGRhdGUiOjEyMDAwMDAwMDAwMH19",
          "dependencies": [
            "module.nat.aws_eip.eip-nat-a",
            "module.nat.aws_nat_gateway.nat-a",
            "module.nat.aws_route_table.pri-rt-a",
            "module.vpc.aws_internet_gateway.internet_gateway",
            "module.vpc.aws_subnet.pri_sub_4b",
            "module.vpc.aws_subnet.pub_sub_1a",
            "module.vpc.aws_vpc.vpc",
            "module.vpc.data.aws_availability_zones.available_zones"
          ]
        }
      ]
    },
    {
      "module": "module.nat",
      "mode": "managed",
      "type": "aws_route_table_association",
      "name": "pri-sub-5a-with-pri-rt-b",
      "provider": "provider[\"registry.terraform.io/hashicorp/aws\"]",
      "instances": [
        {
          "schema_version": 0,
          "attributes": {
            "gateway_id": "",
            "id": "rtbassoc-0c6389d9a24b2c4d5",
            "route_table_id": "rtb-02c77590caff00550",
            "subnet_id": "subnet-0b14243c6d014edfc",
            "timeouts": null
          },
          "sensitive_attributes": [],
          "identity_schema_version": 0,
          "private": "eyJlMmJmYjczMC1lY2FhLTExZTYtOGY4OC0zNDM2M2JjN2M0YzAiOnsiY3JlYXRlIjozMDAwMDAwMDAwMDAsImRlbGV0ZSI6MzAwMDAwMDAwMDAwLCJ1cGRhdGUiOjEyMDAwMDAwMDAwMH19",
          "dependencies": [
            "module.nat.aws_eip.eip-nat-b",
            "module.nat.aws_nat_gateway.nat-b",
            "module.nat.aws_route_table.pri-rt-b",
            "module.vpc.aws_internet_gateway.internet_gateway",
            "module.vpc.aws_subnet.pri_sub_5a",
            "module.vpc.aws_subnet.pub_sub_2b",
            "module.vpc.aws_vpc.vpc",
            "module.vpc.data.aws_availability_zones.available_zones"
          ]
        }
      ]
    },
    {
      "module": "module.nat",
      "mode": "managed",
      "type": "aws_route_table_association",
      "name": "pri-sub-6b-with-pri-rt-b",
      "provider": "provider[\"registry.terraform.io/hashicorp/aws\"]",
      "instances": [
        {
          "schema_version": 0,
          "attributes": {
            "gateway_id": "",
            "id": "rtbassoc-0059d1f9c0830bad8",
            "route_table_id": "rtb-02c77590caff00550",
            "subnet_id": "subnet-0bbb9407d4fc76265",
            "timeouts": null
          },
          "sensitive_attributes": [],
          "identity_schema_version": 0,
          "private": "eyJlMmJmYjczMC1lY2FhLTExZTYtOGY4OC0zNDM2M2JjN2M0YzAiOnsiY3JlYXRlIjozMDAwMDAwMDAwMDAsImRlbGV0ZSI6MzAwMDAwMDAwMDAwLCJ1cGRhdGUiOjEyMDAwMDAwMDAwMH19",
          "dependencies": [
            "module.nat.aws_eip.eip-nat-b",
            "module.nat.aws_nat_gateway.nat-b",
            "module.nat.aws_route_table.pri-rt-b",
            "module.vpc.aws_internet_gateway.internet_gateway",
            "module.vpc.aws_subnet.pri_sub_6b",
            "module.vpc.aws_subnet.pub_sub_2b",
            "module.vpc.aws_vpc.vpc",
            "module.vpc.data.aws_availability_zones.available_zones"
          ]
        }
      ]
    },
    {
      "module": "module.rds",
      "mode": "managed",
      "type": "aws_db_instance",
      "name": "db",
      "provider": "provider[\"registry.terraform.io/hashicorp/aws\"]",
      "instances": [
        {
          "status": "tainted",
          "schema_version": 1,
          "attributes": {
            "address": null,
            "allocated_storage": 20,
            "allow_major_version_upgrade": null,
            "apply_immediately": false,
            "arn": null,
            "auto_minor_version_upgrade": true,
            "availability_zone": null,
            "backup_retention_period": 1,
            "backup_window": null,
            "blue_green_update": [],
            "ca_cert_identifier": null,
            "character_set_name": null,
            "copy_tags_to_snapshot": false,
            "custom_iam_instance_profile": null,
            "customer_owned_ip_enabled": null,
            "db_name": "testdb",
            "db_subnet_group_name": "book-shop-db-subnet-a-b",
            "delete_automated_backups": true,
            "deletion_protection": null,
            "domain": null,
            "domain_iam_role_name": null,
            "enabled_cloudwatch_logs_exports": null,
            "endpoint": null,
            "engine": "mysql",
            "engine_version": "5.7.44",
            "engine_version_actual": null,
            "final_snapshot_identifier": null,
            "hosted_zone_id": null,
            "iam_database_authentication_enabled": null,
            "id": "bookdb-instance",
            "identifier": "bookdb-instance",
            "identifier_prefix": null,
            "instance_class": "db.t3.micro",
            "iops": null,
            "kms_key_id": null,
            "latest_restorable_time": null,
            "license_model": null,
            "listener_endpoint": null,
            "maintenance_window": null,
            "manage_master_user_password": null,
            "master_user_secret": null,
            "master_user_secret_kms_key_id": null,
            "max_allocated_storage": null,
            "monitoring_interval": 0,
            "monitoring_role_arn": null,
            "multi_az": true,
            "name": null,
            "nchar_character_set_name": null,
            "network_type": null,
            "option_group_name": null,
            "parameter_group_name": null,
            "password": "Mohammeds2003.",
            "performance_insights_enabled": false,
            "performance_insights_kms_key_id": null,
            "performance_insights_retention_period": null,
            "port": null,
            "publicly_accessible": false,
            "replica_mode": null,
            "replicas": null,
            "replicate_source_db": null,
            "resource_id": null,
            "restore_to_point_in_time": [],
            "s3_import": [],
            "security_group_names": null,
            "skip_final_snapshot": true,
            "snapshot_identifier": null,
            "status": null,
            "storage_encrypted": false,
            "storage_throughput": null,
            "storage_type": "gp3",
            "tags": {
              "Name": "bookdb"
            },
            "tags_all": {
              "Name": "bookdb"
            },
            "timeouts": null,
            "timezone": null,
            "username": "admin",
            "vpc_security_group_ids": [
              "sg-0a0d2b6f40c2d76aa"
            ]
          },
          "sensitive_attributes": [
            [
              {
                "type": "get_attr",
                "value": "password"
              }
            ]
          ],
          "identity_schema_version": 0,
          "private": "eyJlMmJmYjczMC1lY2FhLTExZTYtOGY4OC0zNDM2M2JjN2M0YzAiOnsiY3JlYXRlIjoyNDAwMDAwMDAwMDAwLCJkZWxldGUiOjM2MDAwMDAwMDAwMDAsInVwZGF0ZSI6NDgwMDAwMDAwMDAwMH0sInNjaGVtYV92ZXJzaW9uIjoiMSJ9",
          "dependencies": [
            "module.rds.aws_db_subnet_group.db-subnet",
            "module.security-group.aws_security_group.alb_sg",
            "module.security-group.aws_security_group.client_sg",
            "module.security-group.aws_security_group.db_sg",
            "module.vpc.aws_subnet.pri_sub_5a",
            "module.vpc.aws_subnet.pri_sub_6b",
            "module.vpc.aws_vpc.vpc",
            "module.vpc.data.aws_availability_zones.available_zones"
          ]
        }
      ]
    },
    {
      "module": "module.rds",
      "mode": "managed",
      "type": "aws_db_subnet_group",
      "name": "db-subnet",
      "provider": "provider[\"registry.terraform.io/hashicorp/aws\"]",
      "instances": [
        {
          "schema_version": 0,
          "attributes": {
            "arn": "arn:aws:rds:us-east-1:058264317949:subgrp:book-shop-db-subnet-a-b",
            "description": "Managed by Terraform",
            "id": "book-shop-db-subnet-a-b",
            "name": "book-shop-db-subnet-a-b",
            "name_prefix": "",
            "subnet_ids": [
              "subnet-0b14243c6d014edfc",
              "subnet-0bbb9407d4fc76265"
            ],
            "supported_network_types": [
              "IPV4"
            ],
            "tags": {},
            "tags_all": {},
            "vpc_id": "vpc-01f8cf2623e90bb7e"
          },
          "sensitive_attributes": [],
          "identity_schema_version": 0,
          "private": "bnVsbA==",
          "dependencies": [
            "module.vpc.aws_subnet.pri_sub_5a",
            "module.vpc.aws_subnet.pri_sub_6b",
            "module.vpc.aws_vpc.vpc",
            "module.vpc.data.aws_availability_zones.available_zones"
          ]
        }
      ]
    },
    {
      "module": "module.route53",
      "mode": "managed",
      "type": "aws_route53_record",
      "name": "cert_validation",
      "provider": "provider[\"registry.terraform.io/hashicorp/aws\"]",
      "instances": [
        {
          "schema_version": 2,
          "attributes": {
            "alias": [],
            "allow_overwrite": null,
            "cidr_routing_policy": [],
            "failover_routing_policy": [],
            "fqdn": "_b5eb3f0e6c05fe0f7277e5c331befa53.mohammedsarih.com",
            "geolocation_routing_policy": [],
            "health_check_id": "",
            "id": "Z0169623KGWCDYN8ZNMS__b5eb3f0e6c05fe0f7277e5c331befa53.mohammedsarih.com_CNAME",
            "latency_routing_policy": [],
            "multivalue_answer_routing_policy": false,
            "name": "_b5eb3f0e6c05fe0f7277e5c331befa53.mohammedsarih.com",
            "records": [
              "_c8888781811b10ebfb5728663ed354a3.xlfgrmvvlj.acm-validations.aws."
            ],
            "set_identifier": "",
            "ttl": 300,
            "type": "CNAME",
            "weighted_routing_policy": [],
            "zone_id": "Z0169623KGWCDYN8ZNMS"
          },
          "sensitive_attributes": [],
          "identity_schema_version": 0,
          "private": "eyJzY2hlbWFfdmVyc2lvbiI6IjIifQ==",
          "dependencies": [
            "module.route53.aws_route53_zone.public-zone"
          ]
        }
      ]
    },
    {
      "module": "module.route53",
      "mode": "managed",
      "type": "aws_route53_record",
      "name": "cloudfront_record",
      "provider": "provider[\"registry.terraform.io/hashicorp/aws\"]",
      "instances": [
        {
          "schema_version": 2,
          "attributes": {
            "alias": [
              {
                "evaluate_target_health": false,
                "name": "d1vmkl1okiklg5.cloudfront.net",
                "zone_id": "Z2FDTNDATAQYW2"
              }
            ],
            "allow_overwrite": null,
            "cidr_routing_policy": [],
            "failover_routing_policy": [],
            "fqdn": "medproject.mohammedsarih.com",
            "geolocation_routing_policy": [],
            "health_check_id": "",
            "id": "Z0169623KGWCDYN8ZNMS_medproject.mohammedsarih.com_A",
            "latency_routing_policy": [],
            "multivalue_answer_routing_policy": false,
            "name": "medproject.mohammedsarih.com",
            "records": [],
            "set_identifier": "",
            "ttl": 0,
            "type": "A",
            "weighted_routing_policy": [],
            "zone_id": "Z0169623KGWCDYN8ZNMS"
          },
          "sensitive_attributes": [],
          "identity_schema_version": 0,
          "private": "eyJzY2hlbWFfdmVyc2lvbiI6IjIifQ==",
          "dependencies": [
            "module.alb.aws_lb.application_load_balancer",
            "module.cloudfront.aws_cloudfront_distribution.my_distribution",
            "module.route53.aws_route53_zone.public-zone",
            "module.security-group.aws_security_group.alb_sg",
            "module.vpc.aws_subnet.pub_sub_1a",
            "module.vpc.aws_subnet.pub_sub_2b",
            "module.vpc.aws_vpc.vpc",
            "module.vpc.data.aws_availability_zones.available_zones"
          ]
        }
      ]
    },
    {
      "module": "module.route53",
      "mode": "managed",
      "type": "aws_route53_zone",
      "name": "public-zone",
      "provider": "provider[\"registry.terraform.io/hashicorp/aws\"]",
      "instances": [
        {
          "schema_version": 0,
          "attributes": {
            "arn": "arn:aws:route53:::hostedzone/Z0169623KGWCDYN8ZNMS",
            "comment": "Managed by Terraform",
            "delegation_set_id": "",
            "force_destroy": false,
            "id": "Z0169623KGWCDYN8ZNMS",
            "name": "mohammedsarih.com",
            "name_servers": [
              "ns-1207.awsdns-22.org",
              "ns-1592.awsdns-07.co.uk",
              "ns-25.awsdns-03.com",
              "ns-915.awsdns-50.net"
            ],
            "primary_name_server": "ns-915.awsdns-50.net",
            "tags": {
              "Name": "Public zone for mohammedsarih.com"
            },
            "tags_all": {
              "Name": "Public zone for mohammedsarih.com"
            },
            "vpc": [],
            "zone_id": "Z0169623KGWCDYN8ZNMS"
          },
          "sensitive_attributes": [],
          "identity_schema_version": 0,
          "private": "bnVsbA=="
        }
      ]
    },
    {
      "module": "module.security-group",
      "mode": "managed",
      "type": "aws_security_group",
      "name": "alb_sg",
      "provider": "provider[\"registry.terraform.io/hashicorp/aws\"]",
      "instances": [
        {
          "schema_version": 1,
          "attributes": {
            "arn": "arn:aws:ec2:us-east-1:058264317949:security-group/sg-03c84757a9ad6967b",
            "description": "enable http/https access on port 80/443",
            "egress": [
              {
                "cidr_blocks": [
                  "0.0.0.0/0"
                ],
                "description": "",
                "from_port": 0,
                "ipv6_cidr_blocks": [],
                "prefix_list_ids": [],
                "protocol": "-1",
                "security_groups": [],
                "self": false,
                "to_port": 0
              }
            ],
            "id": "sg-03c84757a9ad6967b",
            "ingress": [
              {
                "cidr_blocks": [
                  "0.0.0.0/0"
                ],
                "description": "http access",
                "from_port": 80,
                "ipv6_cidr_blocks": [],
                "prefix_list_ids": [],
                "protocol": "tcp",
                "security_groups": [],
                "self": false,
                "to_port": 80
              },
              {
                "cidr_blocks": [
                  "0.0.0.0/0"
                ],
                "description": "https access",
                "from_port": 443,
                "ipv6_cidr_blocks": [],
                "prefix_list_ids": [],
                "protocol": "tcp",
                "security_groups": [],
                "self": false,
                "to_port": 443
              }
            ],
            "name": "alb security group",
            "name_prefix": "",
            "owner_id": "058264317949",
            "revoke_rules_on_delete": false,
            "tags": {
              "Name": "alb_sg"
            },
            "tags_all": {
              "Name": "alb_sg"
            },
            "timeouts": null,
            "vpc_id": "vpc-01f8cf2623e90bb7e"
          },
          "sensitive_attributes": [],
          "identity_schema_version": 0,
          "private": "eyJlMmJmYjczMC1lY2FhLTExZTYtOGY4OC0zNDM2M2JjN2M0YzAiOnsiY3JlYXRlIjo2MDAwMDAwMDAwMDAsImRlbGV0ZSI6OTAwMDAwMDAwMDAwfSwic2NoZW1hX3ZlcnNpb24iOiIxIn0=",
          "dependencies": [
            "module.vpc.aws_vpc.vpc"
          ]
        }
      ]
    },
    {
      "module": "module.security-group",
      "mode": "managed",
      "type": "aws_security_group",
      "name": "client_sg",
      "provider": "provider[\"registry.terraform.io/hashicorp/aws\"]",
      "instances": [
        {
          "schema_version": 1,
          "attributes": {
            "arn": "arn:aws:ec2:us-east-1:058264317949:security-group/sg-0ee891eec18e682d8",
            "description": "enable http/https access on port 80 for elb sg",
            "egress": [
              {
                "cidr_blocks": [
                  "0.0.0.0/0"
                ],
                "description": "",
                "from_port": 0,
                "ipv6_cidr_blocks": [],
                "prefix_list_ids": [],
                "protocol": "-1",
                "security_groups": [],
                "self": false,
                "to_port": 0
              }
            ],
            "id": "sg-0ee891eec18e682d8",
            "ingress": [
              {
                "cidr_blocks": [],
                "description": "http access",
                "from_port": 80,
                "ipv6_cidr_blocks": [],
                "prefix_list_ids": [],
                "protocol": "tcp",
                "security_groups": [
                  "sg-03c84757a9ad6967b"
                ],
                "self": false,
                "to_port": 80
              }
            ],
            "name": "client_sg",
            "name_prefix": "",
            "owner_id": "058264317949",
            "revoke_rules_on_delete": false,
            "tags": {
              "Name": "Client_sg"
            },
            "tags_all": {
              "Name": "Client_sg"
            },
            "timeouts": null,
            "vpc_id": "vpc-01f8cf2623e90bb7e"
          },
          "sensitive_attributes": [],
          "identity_schema_version": 0,
          "private": "eyJlMmJmYjczMC1lY2FhLTExZTYtOGY4OC0zNDM2M2JjN2M0YzAiOnsiY3JlYXRlIjo2MDAwMDAwMDAwMDAsImRlbGV0ZSI6OTAwMDAwMDAwMDAwfSwic2NoZW1hX3ZlcnNpb24iOiIxIn0=",
          "dependencies": [
            "module.security-group.aws_security_group.alb_sg",
            "module.vpc.aws_vpc.vpc"
          ]
        }
      ]
    },
    {
      "module": "module.security-group",
      "mode": "managed",
      "type": "aws_security_group",
      "name": "db_sg",
      "provider": "provider[\"registry.terraform.io/hashicorp/aws\"]",
      "instances": [
        {
          "schema_version": 1,
          "attributes": {
            "arn": "arn:aws:ec2:us-east-1:058264317949:security-group/sg-0a0d2b6f40c2d76aa",
            "description": "enable mysql access on port 3305 from client-sg",
            "egress": [
              {
                "cidr_blocks": [
                  "0.0.0.0/0"
                ],
                "description": "",
                "from_port": 0,
                "ipv6_cidr_blocks": [],
                "prefix_list_ids": [],
                "protocol": "-1",
                "security_groups": [],
                "self": false,
                "to_port": 0
              }
            ],
            "id": "sg-0a0d2b6f40c2d76aa",
            "ingress": [
              {
                "cidr_blocks": [],
                "description": "mysql access",
                "from_port": 3306,
                "ipv6_cidr_blocks": [],
                "prefix_list_ids": [],
                "protocol": "tcp",
                "security_groups": [
                  "sg-0ee891eec18e682d8"
                ],
                "self": false,
                "to_port": 3306
              }
            ],
            "name": "db_sg",
            "name_prefix": "",
            "owner_id": "058264317949",
            "revoke_rules_on_delete": false,
            "tags": {
              "Name": "database_sg"
            },
            "tags_all": {
              "Name": "database_sg"
            },
            "timeouts": null,
            "vpc_id": "vpc-01f8cf2623e90bb7e"
          },
          "sensitive_attributes": [],
          "identity_schema_version": 0,
          "private": "eyJlMmJmYjczMC1lY2FhLTExZTYtOGY4OC0zNDM2M2JjN2M0YzAiOnsiY3JlYXRlIjo2MDAwMDAwMDAwMDAsImRlbGV0ZSI6OTAwMDAwMDAwMDAwfSwic2NoZW1hX3ZlcnNpb24iOiIxIn0=",
          "dependencies": [
            "module.security-group.aws_security_group.alb_sg",
            "module.security-group.aws_security_group.client_sg",
            "module.vpc.aws_vpc.vpc"
          ]
        }
      ]
    },
    {
      "module": "module.vpc",
      "mode": "data",
      "type": "aws_availability_zones",
      "name": "available_zones",
      "provider": "provider[\"registry.terraform.io/hashicorp/aws\"]",
      "instances": [
        {
          "schema_version": 0,
          "attributes": {
            "all_availability_zones": null,
            "exclude_names": null,
            "exclude_zone_ids": null,
            "filter": null,
            "group_names": [
              "us-east-1-zg-1"
            ],
            "id": "us-east-1",
            "names": [
              "us-east-1a",
              "us-east-1b",
              "us-east-1c",
              "us-east-1d",
              "us-east-1e",
              "us-east-1f"
            ],
            "state": null,
            "timeouts": null,
            "zone_ids": [
              "use1-az1",
              "use1-az2",
              "use1-az4",
              "use1-az6",
              "use1-az3",
              "use1-az5"
            ]
          },
          "sensitive_attributes": [],
          "identity_schema_version": 0
        }
      ]
    },
    {
      "module": "module.vpc",
      "mode": "managed",
      "type": "aws_internet_gateway",
      "name": "internet_gateway",
      "provider": "provider[\"registry.terraform.io/hashicorp/aws\"]",
      "instances": [
        {
          "schema_version": 0,
          "attributes": {
            "arn": "arn:aws:ec2:us-east-1:058264317949:internet-gateway/igw-0e755a774fb59244b",
            "id": "igw-0e755a774fb59244b",
            "owner_id": "058264317949",
            "tags": {
              "Name": "cloudproject-igw"
            },
            "tags_all": {
              "Name": "cloudproject-igw"
            },
            "timeouts": null,
            "vpc_id": "vpc-01f8cf2623e90bb7e"
          },
          "sensitive_attributes": [],
          "identity_schema_version": 0,
          "private": "eyJlMmJmYjczMC1lY2FhLTExZTYtOGY4OC0zNDM2M2JjN2M0YzAiOnsiY3JlYXRlIjoxMjAwMDAwMDAwMDAwLCJkZWxldGUiOjEyMDAwMDAwMDAwMDAsInVwZGF0ZSI6MTIwMDAwMDAwMDAwMH19",
          "dependencies": [
            "module.vpc.aws_vpc.vpc"
          ]
        }
      ]
    },
    {
      "module": "module.vpc",
      "mode": "managed",
      "type": "aws_route_table",
      "name": "public_route_table",
      "provider": "provider[\"registry.terraform.io/hashicorp/aws\"]",
      "instances": [
        {
          "schema_version": 0,
          "attributes": {
            "arn": "arn:aws:ec2:us-east-1:058264317949:route-table/rtb-03e94bada0bd271f2",
            "id": "rtb-03e94bada0bd271f2",
            "owner_id": "058264317949",
            "propagating_vgws": [],
            "route": [
              {
                "carrier_gateway_id": "",
                "cidr_block": "0.0.0.0/0",
                "core_network_arn": "",
                "destination_prefix_list_id": "",
                "egress_only_gateway_id": "",
                "gateway_id": "igw-0e755a774fb59244b",
                "instance_id": "",
                "ipv6_cidr_block": "",
                "local_gateway_id": "",
                "nat_gateway_id": "",
                "network_interface_id": "",
                "transit_gateway_id": "",
                "vpc_endpoint_id": "",
                "vpc_peering_connection_id": ""
              }
            ],
            "tags": {
              "Name": "Public-route"
            },
            "tags_all": {
              "Name": "Public-route"
            },
            "timeouts": null,
            "vpc_id": "vpc-01f8cf2623e90bb7e"
          },
          "sensitive_attributes": [],
          "identity_schema_version": 0,
          "private": "eyJlMmJmYjczMC1lY2FhLTExZTYtOGY4OC0zNDM2M2JjN2M0YzAiOnsiY3JlYXRlIjozMDAwMDAwMDAwMDAsImRlbGV0ZSI6MzAwMDAwMDAwMDAwLCJ1cGRhdGUiOjEyMDAwMDAwMDAwMH19",
          "dependencies": [
            "module.vpc.aws_internet_gateway.internet_gateway",
            "module.vpc.aws_vpc.vpc"
          ]
        }
      ]
    },
    {
      "module": "module.vpc",
      "mode": "managed",
      "type": "aws_route_table_association",
      "name": "pub_sub_1a_association",
      "provider": "provider[\"registry.terraform.io/hashicorp/aws\"]",
      "instances": [
        {
          "schema_version": 0,
          "attributes": {
            "gateway_id": "",
            "id": "rtbassoc-0299ede14f4a80ee3",
            "route_table_id": "rtb-03e94bada0bd271f2",
            "subnet_id": "subnet-05e1ea33333576485",
            "timeouts": null
          },
          "sensitive_attributes": [],
          "identity_schema_version": 0,
          "private": "eyJlMmJmYjczMC1lY2FhLTExZTYtOGY4OC0zNDM2M2JjN2M0YzAiOnsiY3JlYXRlIjozMDAwMDAwMDAwMDAsImRlbGV0ZSI6MzAwMDAwMDAwMDAwLCJ1cGRhdGUiOjEyMDAwMDAwMDAwMH19",
          "dependencies": [
            "module.vpc.aws_internet_gateway.internet_gateway",
            "module.vpc.aws_route_table.public_route_table",
            "module.vpc.aws_subnet.pub_sub_1a",
            "module.vpc.aws_vpc.vpc",
            "module.vpc.data.aws_availability_zones.available_zones"
          ]
        }
      ]
    },
    {
      "module": "module.vpc",
      "mode": "managed",
      "type": "aws_route_table_association",
      "name": "pub_sub_2b_association",
      "provider": "provider[\"registry.terraform.io/hashicorp/aws\"]",
      "instances": [
        {
          "schema_version": 0,
          "attributes": {
            "gateway_id": "",
            "id": "rtbassoc-001431f39ff028b71",
            "route_table_id": "rtb-03e94bada0bd271f2",
            "subnet_id": "subnet-0d5b2c17f732c2ce8",
            "timeouts": null
          },
          "sensitive_attributes": [],
          "identity_schema_version": 0,
          "private": "eyJlMmJmYjczMC1lY2FhLTExZTYtOGY4OC0zNDM2M2JjN2M0YzAiOnsiY3JlYXRlIjozMDAwMDAwMDAwMDAsImRlbGV0ZSI6MzAwMDAwMDAwMDAwLCJ1cGRhdGUiOjEyMDAwMDAwMDAwMH19",
          "dependencies": [
            "module.vpc.aws_internet_gateway.internet_gateway",
            "module.vpc.aws_route_table.public_route_table",
            "module.vpc.aws_subnet.pub_sub_2b",
            "module.vpc.aws_vpc.vpc",
            "module.vpc.data.aws_availability_zones.available_zones"
          ]
        }
      ]
    },
    {
      "module": "module.vpc",
      "mode": "managed",
      "type": "aws_subnet",
      "name": "pri_sub_3a",
      "provider": "provider[\"registry.terraform.io/hashicorp/aws\"]",
      "instances": [
        {
          "schema_version": 1,
          "attributes": {
            "arn": "arn:aws:ec2:us-east-1:058264317949:subnet/subnet-04d4c6712e8221eac",
            "assign_ipv6_address_on_creation": false,
            "availability_zone": "us-east-1a",
            "availability_zone_id": "use1-az1",
            "cidr_block": "10.0.3.0/24",
            "customer_owned_ipv4_pool": "",
            "enable_dns64": false,
            "enable_lni_at_device_index": 0,
            "enable_resource_name_dns_a_record_on_launch": false,
            "enable_resource_name_dns_aaaa_record_on_launch": false,
            "id": "subnet-04d4c6712e8221eac",
            "ipv6_cidr_block": "",
            "ipv6_cidr_block_association_id": "",
            "ipv6_native": false,
            "map_customer_owned_ip_on_launch": false,
            "map_public_ip_on_launch": false,
            "outpost_arn": "",
            "owner_id": "058264317949",
            "private_dns_hostname_type_on_launch": "ip-name",
            "tags": {
              "Name": "pri-sub-3a"
            },
            "tags_all": {
              "Name": "pri-sub-3a"
            },
            "timeouts": null,
            "vpc_id": "vpc-01f8cf2623e90bb7e"
          },
          "sensitive_attributes": [],
          "identity_schema_version": 0,
          "private": "eyJlMmJmYjczMC1lY2FhLTExZTYtOGY4OC0zNDM2M2JjN2M0YzAiOnsiY3JlYXRlIjo2MDAwMDAwMDAwMDAsImRlbGV0ZSI6MTIwMDAwMDAwMDAwMH0sInNjaGVtYV92ZXJzaW9uIjoiMSJ9",
          "dependencies": [
            "module.vpc.aws_vpc.vpc",
            "module.vpc.data.aws_availability_zones.available_zones"
          ]
        }
      ]
    },
    {
      "module": "module.vpc",
      "mode": "managed",
      "type": "aws_subnet",
      "name": "pri_sub_4b",
      "provider": "provider[\"registry.terraform.io/hashicorp/aws\"]",
      "instances": [
        {
          "schema_version": 1,
          "attributes": {
            "arn": "arn:aws:ec2:us-east-1:058264317949:subnet/subnet-061a1be3b6648adad",
            "assign_ipv6_address_on_creation": false,
            "availability_zone": "us-east-1b",
            "availability_zone_id": "use1-az2",
            "cidr_block": "10.0.4.0/24",
            "customer_owned_ipv4_pool": "",
            "enable_dns64": false,
            "enable_lni_at_device_index": 0,
            "enable_resource_name_dns_a_record_on_launch": false,
            "enable_resource_name_dns_aaaa_record_on_launch": false,
            "id": "subnet-061a1be3b6648adad",
            "ipv6_cidr_block": "",
            "ipv6_cidr_block_association_id": "",
            "ipv6_native": false,
            "map_customer_owned_ip_on_launch": false,
            "map_public_ip_on_launch": false,
            "outpost_arn": "",
            "owner_id": "058264317949",
            "private_dns_hostname_type_on_launch": "ip-name",
            "tags": {
              "Name": "pri-sub-4b"
            },
            "tags_all": {
              "Name": "pri-sub-4b"
            },
            "timeouts": null,
            "vpc_id": "vpc-01f8cf2623e90bb7e"
          },
          "sensitive_attributes": [],
          "identity_schema_version": 0,
          "private": "eyJlMmJmYjczMC1lY2FhLTExZTYtOGY4OC0zNDM2M2JjN2M0YzAiOnsiY3JlYXRlIjo2MDAwMDAwMDAwMDAsImRlbGV0ZSI6MTIwMDAwMDAwMDAwMH0sInNjaGVtYV92ZXJzaW9uIjoiMSJ9",
          "dependencies": [
            "module.vpc.aws_vpc.vpc",
            "module.vpc.data.aws_availability_zones.available_zones"
          ]
        }
      ]
    },
    {
      "module": "module.vpc",
      "mode": "managed",
      "type": "aws_subnet",
      "name": "pri_sub_5a",
      "provider": "provider[\"registry.terraform.io/hashicorp/aws\"]",
      "instances": [
        {
          "schema_version": 1,
          "attributes": {
            "arn": "arn:aws:ec2:us-east-1:058264317949:subnet/subnet-0b14243c6d014edfc",
            "assign_ipv6_address_on_creation": false,
            "availability_zone": "us-east-1a",
            "availability_zone_id": "use1-az1",
            "cidr_block": "10.0.5.0/24",
            "customer_owned_ipv4_pool": "",
            "enable_dns64": false,
            "enable_lni_at_device_index": 0,
            "enable_resource_name_dns_a_record_on_launch": false,
            "enable_resource_name_dns_aaaa_record_on_launch": false,
            "id": "subnet-0b14243c6d014edfc",
            "ipv6_cidr_block": "",
            "ipv6_cidr_block_association_id": "",
            "ipv6_native": false,
            "map_customer_owned_ip_on_launch": false,
            "map_public_ip_on_launch": false,
            "outpost_arn": "",
            "owner_id": "058264317949",
            "private_dns_hostname_type_on_launch": "ip-name",
            "tags": {
              "Name": "pri-sub-5a"
            },
            "tags_all": {
              "Name": "pri-sub-5a"
            },
            "timeouts": null,
            "vpc_id": "vpc-01f8cf2623e90bb7e"
          },
          "sensitive_attributes": [],
          "identity_schema_version": 0,
          "private": "eyJlMmJmYjczMC1lY2FhLTExZTYtOGY4OC0zNDM2M2JjN2M0YzAiOnsiY3JlYXRlIjo2MDAwMDAwMDAwMDAsImRlbGV0ZSI6MTIwMDAwMDAwMDAwMH0sInNjaGVtYV92ZXJzaW9uIjoiMSJ9",
          "dependencies": [
            "module.vpc.aws_vpc.vpc",
            "module.vpc.data.aws_availability_zones.available_zones"
          ]
        }
      ]
    },
    {
      "module": "module.vpc",
      "mode": "managed",
      "type": "aws_subnet",
      "name": "pri_sub_6b",
      "provider": "provider[\"registry.terraform.io/hashicorp/aws\"]",
      "instances": [
        {
          "schema_version": 1,
          "attributes": {
            "arn": "arn:aws:ec2:us-east-1:058264317949:subnet/subnet-0bbb9407d4fc76265",
            "assign_ipv6_address_on_creation": false,
            "availability_zone": "us-east-1b",
            "availability_zone_id": "use1-az2",
            "cidr_block": "10.0.6.0/24",
            "customer_owned_ipv4_pool": "",
            "enable_dns64": false,
            "enable_lni_at_device_index": 0,
            "enable_resource_name_dns_a_record_on_launch": false,
            "enable_resource_name_dns_aaaa_record_on_launch": false,
            "id": "subnet-0bbb9407d4fc76265",
            "ipv6_cidr_block": "",
            "ipv6_cidr_block_association_id": "",
            "ipv6_native": false,
            "map_customer_owned_ip_on_launch": false,
            "map_public_ip_on_launch": false,
            "outpost_arn": "",
            "owner_id": "058264317949",
            "private_dns_hostname_type_on_launch": "ip-name",
            "tags": {
              "Name": "pri-sub-6b"
            },
            "tags_all": {
              "Name": "pri-sub-6b"
            },
            "timeouts": null,
            "vpc_id": "vpc-01f8cf2623e90bb7e"
          },
          "sensitive_attributes": [],
          "identity_schema_version": 0,
          "private": "eyJlMmJmYjczMC1lY2FhLTExZTYtOGY4OC0zNDM2M2JjN2M0YzAiOnsiY3JlYXRlIjo2MDAwMDAwMDAwMDAsImRlbGV0ZSI6MTIwMDAwMDAwMDAwMH0sInNjaGVtYV92ZXJzaW9uIjoiMSJ9",
          "dependencies": [
            "module.vpc.aws_vpc.vpc",
            "module.vpc.data.aws_availability_zones.available_zones"
          ]
        }
      ]
    },
    {
      "module": "module.vpc",
      "mode": "managed",
      "type": "aws_subnet",
      "name": "pub_sub_1a",
      "provider": "provider[\"registry.terraform.io/hashicorp/aws\"]",
      "instances": [
        {
          "schema_version": 1,
          "attributes": {
            "arn": "arn:aws:ec2:us-east-1:058264317949:subnet/subnet-05e1ea33333576485",
            "assign_ipv6_address_on_creation": false,
            "availability_zone": "us-east-1a",
            "availability_zone_id": "use1-az1",
            "cidr_block": "10.0.1.0/24",
            "customer_owned_ipv4_pool": "",
            "enable_dns64": false,
            "enable_lni_at_device_index": 0,
            "enable_resource_name_dns_a_record_on_launch": false,
            "enable_resource_name_dns_aaaa_record_on_launch": false,
            "id": "subnet-05e1ea33333576485",
            "ipv6_cidr_block": "",
            "ipv6_cidr_block_association_id": "",
            "ipv6_native": false,
            "map_customer_owned_ip_on_launch": false,
            "map_public_ip_on_launch": true,
            "outpost_arn": "",
            "owner_id": "058264317949",
            "private_dns_hostname_type_on_launch": "ip-name",
            "tags": {
              "Name": "pub_sub_1a",
              "Type": "public"
            },
            "tags_all": {
              "Name": "pub_sub_1a",
              "Type": "public"
            },
            "timeouts": null,
            "vpc_id": "vpc-01f8cf2623e90bb7e"
          },
          "sensitive_attributes": [],
          "identity_schema_version": 0,
          "private": "eyJlMmJmYjczMC1lY2FhLTExZTYtOGY4OC0zNDM2M2JjN2M0YzAiOnsiY3JlYXRlIjo2MDAwMDAwMDAwMDAsImRlbGV0ZSI6MTIwMDAwMDAwMDAwMH0sInNjaGVtYV92ZXJzaW9uIjoiMSJ9",
          "dependencies": [
            "module.vpc.aws_vpc.vpc",
            "module.vpc.data.aws_availability_zones.available_zones"
          ]
        }
      ]
    },
    {
      "module": "module.vpc",
      "mode": "managed",
      "type": "aws_subnet",
      "name": "pub_sub_2b",
      "provider": "provider[\"registry.terraform.io/hashicorp/aws\"]",
      "instances": [
        {
          "schema_version": 1,
          "attributes": {
            "arn": "arn:aws:ec2:us-east-1:058264317949:subnet/subnet-0d5b2c17f732c2ce8",
            "assign_ipv6_address_on_creation": false,
            "availability_zone": "us-east-1b",
            "availability_zone_id": "use1-az2",
            "cidr_block": "10.0.2.0/24",
            "customer_owned_ipv4_pool": "",
            "enable_dns64": false,
            "enable_lni_at_device_index": 0,
            "enable_resource_name_dns_a_record_on_launch": false,
            "enable_resource_name_dns_aaaa_record_on_launch": false,
            "id": "subnet-0d5b2c17f732c2ce8",
            "ipv6_cidr_block": "",
            "ipv6_cidr_block_association_id": "",
            "ipv6_native": false,
            "map_customer_owned_ip_on_launch": false,
            "map_public_ip_on_launch": true,
            "outpost_arn": "",
            "owner_id": "058264317949",
            "private_dns_hostname_type_on_launch": "ip-name",
            "tags": {
              "Name": "pub_sub_2b",
              "Type": "public"
            },
            "tags_all": {
              "Name": "pub_sub_2b",
              "Type": "public"
            },
            "timeouts": null,
            "vpc_id": "vpc-01f8cf2623e90bb7e"
          },
          "sensitive_attributes": [],
          "identity_schema_version": 0,
          "private": "eyJlMmJmYjczMC1lY2FhLTExZTYtOGY4OC0zNDM2M2JjN2M0YzAiOnsiY3JlYXRlIjo2MDAwMDAwMDAwMDAsImRlbGV0ZSI6MTIwMDAwMDAwMDAwMH0sInNjaGVtYV92ZXJzaW9uIjoiMSJ9",
          "dependencies": [
            "module.vpc.aws_vpc.vpc",
            "module.vpc.data.aws_availability_zones.available_zones"
          ]
        }
      ]
    },
    {
      "module": "module.vpc",
      "mode": "managed",
      "type": "aws_vpc",
      "name": "vpc",
      "provider": "provider[\"registry.terraform.io/hashicorp/aws\"]",
      "instances": [
        {
          "schema_version": 1,
          "attributes": {
            "arn": "arn:aws:ec2:us-east-1:058264317949:vpc/vpc-01f8cf2623e90bb7e",
            "assign_generated_ipv6_cidr_block": false,
            "cidr_block": "10.0.0.0/16",
            "default_network_acl_id": "acl-0179d24e88c1595c2",
            "default_route_table_id": "rtb-09227e2adddcfd490",
            "default_security_group_id": "sg-0369f42ff3c6011d6",
            "dhcp_options_id": "dopt-0385c4d97d0807408",
            "enable_classiclink": false,
            "enable_classiclink_dns_support": false,
            "enable_dns_hostnames": true,
            "enable_dns_support": true,
            "enable_network_address_usage_metrics": false,
            "id": "vpc-01f8cf2623e90bb7e",
            "instance_tenancy": "default",
            "ipv4_ipam_pool_id": null,
            "ipv4_netmask_length": null,
            "ipv6_association_id": "",
            "ipv6_cidr_block": "",
            "ipv6_cidr_block_network_border_group": "",
            "ipv6_ipam_pool_id": "",
            "ipv6_netmask_length": 0,
            "main_route_table_id": "rtb-09227e2adddcfd490",
            "owner_id": "058264317949",
            "tags": {
              "Name": "cloudproject-vpc"
            },
            "tags_all": {
              "Name": "cloudproject-vpc"
            }
          },
          "sensitive_attributes": [],
          "identity_schema_version": 0,
          "private": "eyJzY2hlbWFfdmVyc2lvbiI6IjEifQ==",
          "create_before_destroy": true
        }
      ]
    }
  ],
  "check_results": null
}
